
Microsoft Visual Studio Solution File, Format Version 12.00
# Visual Studio 14
VisualStudioVersion = 14.0.25420.1
MinimumVisualStudioVersion = 10.0.40219.1
Project("{FAE04EC0-301F-11D3-BF4B-00C04F79EFBC}") = "MonopolyGame", "MonopolyGame\MonopolyGame.csproj", "{563EA25D-23D2-49A2-8A83-138EF9084807}"
EndProject
Project("{FAE04EC0-301F-11D3-BF4B-00C04F79EFBC}") = "TestProj", "TestProj\TestProj.csproj", "{0399F18C-934B-4BAA-86E1-B97399EFE8EB}"
EndProject
Global
	GlobalSection(SolutionConfigurationPlatforms) = preSolution
		Debug|Any CPU = Debug|Any CPU
		Release|Any CPU = Release|Any CPU
	EndGlobalSection
	GlobalSection(ProjectConfigurationPlatforms) = postSolution
		{563EA25D-23D2-49A2-8A83-138EF9084807}.Debug|Any CPU.ActiveCfg = Debug|Any CPU
		{563EA25D-23D2-49A2-8A83-138EF9084807}.Debug|Any CPU.Build.0 = Debug|Any CPU
		{563EA25D-23D2-49A2-8A83-138EF9084807}.Release|Any CPU.ActiveCfg = Release|Any CPU
		{563EA25D-23D2-49A2-8A83-138EF9084807}.Release|Any CPU.Build.0 = Release|Any CPU
		{0399F18C-934B-4BAA-86E1-B97399EFE8EB}.Debug|Any CPU.ActiveCfg = Debug|Any CPU
		{0399F18C-934B-4BAA-86E1-B97399EFE8EB}.Debug|Any CPU.Build.0 = Debug|Any CPU
		{0399F18C-934B-4BAA-86E1-B97399EFE8EB}.Release|Any CPU.ActiveCfg = Release|Any CPU
		{0399F18C-934B-4BAA-86E1-B97399EFE8EB}.Release|Any CPU.Build.0 = Release|Any CPU
	EndGlobalSection
	GlobalSection(SolutionProperties) = preSolution
		HideSolutionNode = FALSE
	EndGlobalSection
EndGlobal
